<?xml version="1.0" encoding="utf-8"?>
<!--
SPDX-License-Identifier: MIT

Copyright (c) 2026 Naster Labs (a brand of Luczak Consulting P.S.A.)
-->
<Project ToolsVersion="4.0" xmlns="http://schemas.microsoft.com/developer/msbuild/2003">
  <ItemGroup>
    <Filter Include="Source Files">
      <UniqueIdentifier>{ee8d3617-a70b-4cc7-9d92-05d6191d0bc9}</UniqueIdentifier>
    </Filter>
    <Filter Include="Header Files">
      <UniqueIdentifier>{7ed48ed6-1c1b-45af-a2a8-7a6c218236d7}</UniqueIdentifier>
    </Filter>
    <Filter Include="Resource Files">
      <UniqueIdentifier>{1c916dec-c900-4f85-816c-d82035c2f70d}</UniqueIdentifier>
    </Filter>
  </ItemGroup>
  <ItemGroup>
    <ClCompile Include="nasterarchive.cpp">
      <Filter>Source Files</Filter>
    </ClCompile>
    <ClCompile Include="nsis-plugin-api\pluginapi.c">
      <Filter>Source Files</Filter>
    </ClCompile>
  </ItemGroup>
  <ItemGroup>
    <ClInclude Include="resource.h">
      <Filter>Header Files</Filter>
    </ClInclude>
    <ClInclude Include="nsis-plugin-api\api.h">
      <Filter>Header Files</Filter>
    </ClInclude>
    <ClInclude Include="nsis-plugin-api\nsis_tchar.h">
      <Filter>Header Files</Filter>
    </ClInclude>
    <ClInclude Include="nsis-plugin-api\pluginapi.h">
      <Filter>Header Files</Filter>
    </ClInclude>
  </ItemGroup>
  <ItemGroup>
    <ResourceCompile Include="nasterarchive.rc">
      <Filter>Resource Files</Filter>
    </ResourceCompile>
  </ItemGroup>
</Project>
